<?xml version="1.0" encoding="utf-8"?>
<Project ToolsVersion="17.0" xmlns="http://schemas.microsoft.com/developer/msbuild/2003">
  <ItemGroup>
    <ClCompile Include="C:\Users\Daniil\work\DirectX12Demos\AppModels\src\main.cpp">
      <Filter>Source Files</Filter>
    </ClCompile>
    <ClCompile Include="C:\Users\Daniil\work\DirectX12Demos\AppModels\src\FrameResources.cpp">
      <Filter>Source Files</Filter>
    </ClCompile>
    <ClCompile Include="C:\Users\Daniil\work\DirectX12Demos\AppModels\src\ModelsApp.cpp">
      <Filter>Source Files</Filter>
    </ClCompile>
  </ItemGroup>
  <ItemGroup>
    <ClInclude Include="C:\Users\Daniil\work\DirectX12Demos\AppModels\inc\AppStructures.h">
      <Filter>Header Files</Filter>
    </ClInclude>
    <ClInclude Include="C:\Users\Daniil\work\DirectX12Demos\AppModels\inc\FrameResources.h">
      <Filter>Header Files</Filter>
    </ClInclude>
    <ClInclude Include="C:\Users\Daniil\work\DirectX12Demos\AppModels\inc\ModelsApp.h">
      <Filter>Header Files</Filter>
    </ClInclude>
  </ItemGroup>
  <ItemGroup>
    <CustomBuild Include="C:\Users\Daniil\work\DirectX12Demos\AppModels\CMakeLists.txt" />
  </ItemGroup>
  <ItemGroup>
    <FXCompile Include="C:\Users\Daniil\work\DirectX12Demos\AppModels\shaders\GeoVertexShader.hlsl">
      <Filter>Shaders</Filter>
    </FXCompile>
    <FXCompile Include="C:\Users\Daniil\work\DirectX12Demos\AppModels\shaders\SobelVertexShader.hlsl">
      <Filter>Shaders</Filter>
    </FXCompile>
    <FXCompile Include="C:\Users\Daniil\work\DirectX12Demos\AppModels\shaders\GeoPixelShader.hlsl">
      <Filter>Shaders</Filter>
    </FXCompile>
    <FXCompile Include="C:\Users\Daniil\work\DirectX12Demos\AppModels\shaders\NormPixelShader.hlsl">
      <Filter>Shaders</Filter>
    </FXCompile>
    <FXCompile Include="C:\Users\Daniil\work\DirectX12Demos\AppModels\shaders\SobelPixelShader.hlsl">
      <Filter>Shaders</Filter>
    </FXCompile>
  </ItemGroup>
  <ItemGroup>
    <None Include="C:\Users\Daniil\work\DirectX12Demos\AppModels\shaders\GeoUtils.hlsli">
      <Filter>Shaders</Filter>
    </None>
    <None Include="C:\Users\Daniil\work\DirectX12Demos\AppModels\shaders\LightUtils.hlsli">
      <Filter>Shaders</Filter>
    </None>
  </ItemGroup>
  <ItemGroup>
    <Filter Include="Header Files">
      <UniqueIdentifier>{BD376FD8-715C-387F-9240-5CFE836A3C3B}</UniqueIdentifier>
    </Filter>
    <Filter Include="Shaders">
      <UniqueIdentifier>{F37C5553-8699-3F83-83F4-3B02F981EFE3}</UniqueIdentifier>
    </Filter>
    <Filter Include="Source Files">
      <UniqueIdentifier>{13D489A8-65F4-3BB7-A7C0-6EFCA3D5562D}</UniqueIdentifier>
    </Filter>
  </ItemGroup>
</Project>
