
Microsoft Visual Studio Solution File, Format Version 12.00
# Visual Studio Version 17
Project("{8BC9CEB8-8B4A-11D0-8D11-00A0C91BC942}") = "AppModels", "AppModels\AppModels.vcxproj", "{E61FDA15-A6E1-3942-A8E2-2FD110849AA7}"
	ProjectSection(ProjectDependencies) = postProject
		{0E37476F-6CA4-3DB0-AB82-C34C2F7F4D9D} = {0E37476F-6CA4-3DB0-AB82-C34C2F7F4D9D}
		{C2D45643-6365-3EEE-B108-DBCDB1B86EE6} = {C2D45643-6365-3EEE-B108-DBCDB1B86EE6}
	EndProjectSection
EndProject
Project("{8BC9CEB8-8B4A-11D0-8D11-00A0C91BC942}") = "ALL_BUILD", "ALL_BUILD.vcxproj", "{F392E9E4-D8CA-35AD-B87E-6E6EBD32DD23}"
	ProjectSection(ProjectDependencies) = postProject
		{E61FDA15-A6E1-3942-A8E2-2FD110849AA7} = {E61FDA15-A6E1-3942-A8E2-2FD110849AA7}
		{4CB7EBB6-A1C8-3734-9AA5-B88CA479E4A6} = {4CB7EBB6-A1C8-3734-9AA5-B88CA479E4A6}
		{0E37476F-6CA4-3DB0-AB82-C34C2F7F4D9D} = {0E37476F-6CA4-3DB0-AB82-C34C2F7F4D9D}
		{C2D45643-6365-3EEE-B108-DBCDB1B86EE6} = {C2D45643-6365-3EEE-B108-DBCDB1B86EE6}
	EndProjectSection
EndProject
Project("{8BC9CEB8-8B4A-11D0-8D11-00A0C91BC942}") = "AppSimpleGeometry", "AppSimpleGeometry\AppSimpleGeometry.vcxproj", "{4CB7EBB6-A1C8-3734-9AA5-B88CA479E4A6}"
	ProjectSection(ProjectDependencies) = postProject
		{0E37476F-6CA4-3DB0-AB82-C34C2F7F4D9D} = {0E37476F-6CA4-3DB0-AB82-C34C2F7F4D9D}
		{C2D45643-6365-3EEE-B108-DBCDB1B86EE6} = {C2D45643-6365-3EEE-B108-DBCDB1B86EE6}
	EndProjectSection
EndProject
Project("{8BC9CEB8-8B4A-11D0-8D11-00A0C91BC942}") = "MyD3D12Lib", "MyD3D12Lib\MyD3D12Lib.vcxproj", "{0E37476F-6CA4-3DB0-AB82-C34C2F7F4D9D}"
	ProjectSection(ProjectDependencies) = postProject
		{C2D45643-6365-3EEE-B108-DBCDB1B86EE6} = {C2D45643-6365-3EEE-B108-DBCDB1B86EE6}
	EndProjectSection
EndProject
Project("{8BC9CEB8-8B4A-11D0-8D11-00A0C91BC942}") = "ZERO_CHECK", "ZERO_CHECK.vcxproj", "{C2D45643-6365-3EEE-B108-DBCDB1B86EE6}"
	ProjectSection(ProjectDependencies) = postProject
	EndProjectSection
EndProject
Global
	GlobalSection(SolutionConfigurationPlatforms) = preSolution
		Debug|x64 = Debug|x64
		Release|x64 = Release|x64
		MinSizeRel|x64 = MinSizeRel|x64
		RelWithDebInfo|x64 = RelWithDebInfo|x64
	EndGlobalSection
	GlobalSection(ProjectConfigurationPlatforms) = postSolution
		{E61FDA15-A6E1-3942-A8E2-2FD110849AA7}.Debug|x64.ActiveCfg = Debug|x64
		{E61FDA15-A6E1-3942-A8E2-2FD110849AA7}.Debug|x64.Build.0 = Debug|x64
		{E61FDA15-A6E1-3942-A8E2-2FD110849AA7}.Release|x64.ActiveCfg = Release|x64
		{E61FDA15-A6E1-3942-A8E2-2FD110849AA7}.Release|x64.Build.0 = Release|x64
		{E61FDA15-A6E1-3942-A8E2-2FD110849AA7}.MinSizeRel|x64.ActiveCfg = MinSizeRel|x64
		{E61FDA15-A6E1-3942-A8E2-2FD110849AA7}.MinSizeRel|x64.Build.0 = MinSizeRel|x64
		{E61FDA15-A6E1-3942-A8E2-2FD110849AA7}.RelWithDebInfo|x64.ActiveCfg = RelWithDebInfo|x64
		{E61FDA15-A6E1-3942-A8E2-2FD110849AA7}.RelWithDebInfo|x64.Build.0 = RelWithDebInfo|x64
		{F392E9E4-D8CA-35AD-B87E-6E6EBD32DD23}.Debug|x64.ActiveCfg = Debug|x64
		{F392E9E4-D8CA-35AD-B87E-6E6EBD32DD23}.Release|x64.ActiveCfg = Release|x64
		{F392E9E4-D8CA-35AD-B87E-6E6EBD32DD23}.MinSizeRel|x64.ActiveCfg = MinSizeRel|x64
		{F392E9E4-D8CA-35AD-B87E-6E6EBD32DD23}.RelWithDebInfo|x64.ActiveCfg = RelWithDebInfo|x64
		{4CB7EBB6-A1C8-3734-9AA5-B88CA479E4A6}.Debug|x64.ActiveCfg = Debug|x64
		{4CB7EBB6-A1C8-3734-9AA5-B88CA479E4A6}.Debug|x64.Build.0 = Debug|x64
		{4CB7EBB6-A1C8-3734-9AA5-B88CA479E4A6}.Release|x64.ActiveCfg = Release|x64
		{4CB7EBB6-A1C8-3734-9AA5-B88CA479E4A6}.Release|x64.Build.0 = Release|x64
		{4CB7EBB6-A1C8-3734-9AA5-B88CA479E4A6}.MinSizeRel|x64.ActiveCfg = MinSizeRel|x64
		{4CB7EBB6-A1C8-3734-9AA5-B88CA479E4A6}.MinSizeRel|x64.Build.0 = MinSizeRel|x64
		{4CB7EBB6-A1C8-3734-9AA5-B88CA479E4A6}.RelWithDebInfo|x64.ActiveCfg = RelWithDebInfo|x64
		{4CB7EBB6-A1C8-3734-9AA5-B88CA479E4A6}.RelWithDebInfo|x64.Build.0 = RelWithDebInfo|x64
		{0E37476F-6CA4-3DB0-AB82-C34C2F7F4D9D}.Debug|x64.ActiveCfg = Debug|x64
		{0E37476F-6CA4-3DB0-AB82-C34C2F7F4D9D}.Debug|x64.Build.0 = Debug|x64
		{0E37476F-6CA4-3DB0-AB82-C34C2F7F4D9D}.Release|x64.ActiveCfg = Release|x64
		{0E37476F-6CA4-3DB0-AB82-C34C2F7F4D9D}.Release|x64.Build.0 = Release|x64
		{0E37476F-6CA4-3DB0-AB82-C34C2F7F4D9D}.MinSizeRel|x64.ActiveCfg = MinSizeRel|x64
		{0E37476F-6CA4-3DB0-AB82-C34C2F7F4D9D}.MinSizeRel|x64.Build.0 = MinSizeRel|x64
		{0E37476F-6CA4-3DB0-AB82-C34C2F7F4D9D}.RelWithDebInfo|x64.ActiveCfg = RelWithDebInfo|x64
		{0E37476F-6CA4-3DB0-AB82-C34C2F7F4D9D}.RelWithDebInfo|x64.Build.0 = RelWithDebInfo|x64
		{C2D45643-6365-3EEE-B108-DBCDB1B86EE6}.Debug|x64.ActiveCfg = Debug|x64
		{C2D45643-6365-3EEE-B108-DBCDB1B86EE6}.Debug|x64.Build.0 = Debug|x64
		{C2D45643-6365-3EEE-B108-DBCDB1B86EE6}.Release|x64.ActiveCfg = Release|x64
		{C2D45643-6365-3EEE-B108-DBCDB1B86EE6}.Release|x64.Build.0 = Release|x64
		{C2D45643-6365-3EEE-B108-DBCDB1B86EE6}.MinSizeRel|x64.ActiveCfg = MinSizeRel|x64
		{C2D45643-6365-3EEE-B108-DBCDB1B86EE6}.MinSizeRel|x64.Build.0 = MinSizeRel|x64
		{C2D45643-6365-3EEE-B108-DBCDB1B86EE6}.RelWithDebInfo|x64.ActiveCfg = RelWithDebInfo|x64
		{C2D45643-6365-3EEE-B108-DBCDB1B86EE6}.RelWithDebInfo|x64.Build.0 = RelWithDebInfo|x64
	EndGlobalSection
	GlobalSection(ExtensibilityGlobals) = postSolution
		SolutionGuid = {D09F35A4-3698-3F04-BDA6-54D806F16A15}
	EndGlobalSection
	GlobalSection(ExtensibilityAddIns) = postSolution
	EndGlobalSection
EndGlobal
